
Microsoft Visual Studio Solution File, Format Version 12.00
# Visual Studio Version 17
VisualStudioVersion = 17.0.32112.339
MinimumVisualStudioVersion = 10.0.40219.1
Project("{FAE04EC0-301F-11D3-BF4B-00C04F79EFBC}") = "Maths", "Maths\Maths.csproj", "{31258DF9-765C-49D2-B4C0-CC7BE63113D4}"
EndProject
Global
	GlobalSection(SolutionConfigurationPlatforms) = preSolution
		Debug|Any CPU = Debug|Any CPU
		Release|Any CPU = Release|Any CPU
	EndGlobalSection
	GlobalSection(ProjectConfigurationPlatforms) = postSolution
		{31258DF9-765C-49D2-B4C0-CC7BE63113D4}.Debug|Any CPU.ActiveCfg = Debug|Any CPU
		{31258DF9-765C-49D2-B4C0-CC7BE63113D4}.Debug|Any CPU.Build.0 = Debug|Any CPU
		{31258DF9-765C-49D2-B4C0-CC7BE63113D4}.Release|Any CPU.ActiveCfg = Release|Any CPU
		{31258DF9-765C-49D2-B4C0-CC7BE63113D4}.Release|Any CPU.Build.0 = Release|Any CPU
	EndGlobalSection
	GlobalSection(SolutionProperties) = preSolution
		HideSolutionNode = FALSE
	EndGlobalSection
	GlobalSection(ExtensibilityGlobals) = postSolution
		SolutionGuid = {4401A365-5BB8-4F36-9F9E-40BB0CA20E74}
	EndGlobalSection
EndGlobal
